Microsoft Visual Studio Solution File, Format Version 12.00
# Visual Studio Version 17
VisualStudioVersion = 17.5.2.0
MinimumVisualStudioVersion = 10.0.40219.1
Project("{FAE04EC0-301F-11D3-BF4B-00C04F79EFBC}") = "RateLimiterProject", "RateLimiterProject.csproj", "{08D9986F-6129-E097-6200-D2FB1BE918CE}"
EndProject
Global
	GlobalSection(SolutionConfigurationPlatforms) = preSolution
		Debug|Any CPU = Debug|Any CPU
		Release|Any CPU = Release|Any CPU
	EndGlobalSection
	GlobalSection(ProjectConfigurationPlatforms) = postSolution
		{08D9986F-6129-E097-6200-D2FB1BE918CE}.Debug|Any CPU.ActiveCfg = Debug|Any CPU
		{08D9986F-6129-E097-6200-D2FB1BE918CE}.Debug|Any CPU.Build.0 = Debug|Any CPU
		{08D9986F-6129-E097-6200-D2FB1BE918CE}.Release|Any CPU.ActiveCfg = Release|Any CPU
		{08D9986F-6129-E097-6200-D2FB1BE918CE}.Release|Any CPU.Build.0 = Release|Any CPU
	EndGlobalSection
	GlobalSection(SolutionProperties) = preSolution
		HideSolutionNode = FALSE
	EndGlobalSection
	GlobalSection(ExtensibilityGlobals) = postSolution
		SolutionGuid = {679C7F80-7C11-48F3-BEFA-592929294A84}
	EndGlobalSection
EndGlobal
